
Microsoft Visual Studio Solution File, Format Version 12.00
# Visual Studio Version 17
VisualStudioVersion = 17.8.34408.163
MinimumVisualStudioVersion = 10.0.40219.1
Project("{FAE04EC0-301F-11D3-BF4B-00C04F79EFBC}") = "C#2", "240214\C#2.csproj", "{B35C764E-A19A-4489-A3C6-D27EA5FB0964}"
EndProject
Global
	GlobalSection(SolutionConfigurationPlatforms) = preSolution
		Debug|Any CPU = Debug|Any CPU
		Release|Any CPU = Release|Any CPU
	EndGlobalSection
	GlobalSection(ProjectConfigurationPlatforms) = postSolution
		{B35C764E-A19A-4489-A3C6-D27EA5FB0964}.Debug|Any CPU.ActiveCfg = Debug|Any CPU
		{B35C764E-A19A-4489-A3C6-D27EA5FB0964}.Debug|Any CPU.Build.0 = Debug|Any CPU
		{B35C764E-A19A-4489-A3C6-D27EA5FB0964}.Release|Any CPU.ActiveCfg = Release|Any CPU
		{B35C764E-A19A-4489-A3C6-D27EA5FB0964}.Release|Any CPU.Build.0 = Release|Any CPU
	EndGlobalSection
	GlobalSection(SolutionProperties) = preSolution
		HideSolutionNode = FALSE
	EndGlobalSection
	GlobalSection(ExtensibilityGlobals) = postSolution
		SolutionGuid = {0A8E0B77-2734-4569-93CA-D20534EDCBC8}
	EndGlobalSection
EndGlobal
